
Microsoft Visual Studio Solution File, Format Version 12.00
# Visual Studio Version 17
VisualStudioVersion = 17.5.002.0
MinimumVisualStudioVersion = 10.0.40219.1
Project("{9A19103F-16F7-4668-BE54-9A1E7A4F7556}") = "PerformanceTests", "PerformanceTests.csproj", "{B1D41147-A2FC-46EA-9590-7695FEE1698C}"
EndProject
Global
	GlobalSection(SolutionConfigurationPlatforms) = preSolution
		Debug|Any CPU = Debug|Any CPU
		Release|Any CPU = Release|Any CPU
	EndGlobalSection
	GlobalSection(ProjectConfigurationPlatforms) = postSolution
		{B1D41147-A2FC-46EA-9590-7695FEE1698C}.Debug|Any CPU.ActiveCfg = Debug|Any CPU
		{B1D41147-A2FC-46EA-9590-7695FEE1698C}.Debug|Any CPU.Build.0 = Debug|Any CPU
		{B1D41147-A2FC-46EA-9590-7695FEE1698C}.Release|Any CPU.ActiveCfg = Release|Any CPU
		{B1D41147-A2FC-46EA-9590-7695FEE1698C}.Release|Any CPU.Build.0 = Release|Any CPU
	EndGlobalSection
	GlobalSection(SolutionProperties) = preSolution
		HideSolutionNode = FALSE
	EndGlobalSection
	GlobalSection(ExtensibilityGlobals) = postSolution
		SolutionGuid = {04FAF7DC-4E3E-47DD-9E5F-F149C7B06BE8}
	EndGlobalSection
EndGlobal
